
Microsoft Visual Studio Solution File, Format Version 12.00
# Visual Studio Version 16
VisualStudioVersion = 16.0.32106.194
MinimumVisualStudioVersion = 10.0.40219.1
Project("{8BC9CEB8-8B4A-11D0-8D11-00A0C91BC942}") = "OOP-2.1(FloatPower)", "OOP-2.1(FloatPower).vcxproj", "{012BCF96-B82F-4CE6-BA07-56FE1674289B}"
EndProject
Project("{8BC9CEB8-8B4A-11D0-8D11-00A0C91BC942}") = "UnitTest-oop(2.1)", "..\UnitTest-oop(2.1)\UnitTest-oop(2.1).vcxproj", "{D5556A42-9B90-467E-A317-52B6C77303AF}"
EndProject
Global
	GlobalSection(SolutionConfigurationPlatforms) = preSolution
		Debug|x64 = Debug|x64
		Debug|x86 = Debug|x86
		Release|x64 = Release|x64
		Release|x86 = Release|x86
	EndGlobalSection
	GlobalSection(ProjectConfigurationPlatforms) = postSolution
		{012BCF96-B82F-4CE6-BA07-56FE1674289B}.Debug|x64.ActiveCfg = Debug|x64
		{012BCF96-B82F-4CE6-BA07-56FE1674289B}.Debug|x64.Build.0 = Debug|x64
		{012BCF96-B82F-4CE6-BA07-56FE1674289B}.Debug|x86.ActiveCfg = Debug|Win32
		{012BCF96-B82F-4CE6-BA07-56FE1674289B}.Debug|x86.Build.0 = Debug|Win32
		{012BCF96-B82F-4CE6-BA07-56FE1674289B}.Release|x64.ActiveCfg = Release|x64
		{012BCF96-B82F-4CE6-BA07-56FE1674289B}.Release|x64.Build.0 = Release|x64
		{012BCF96-B82F-4CE6-BA07-56FE1674289B}.Release|x86.ActiveCfg = Release|Win32
		{012BCF96-B82F-4CE6-BA07-56FE1674289B}.Release|x86.Build.0 = Release|Win32
		{D5556A42-9B90-467E-A317-52B6C77303AF}.Debug|x64.ActiveCfg = Debug|x64
		{D5556A42-9B90-467E-A317-52B6C77303AF}.Debug|x64.Build.0 = Debug|x64
		{D5556A42-9B90-467E-A317-52B6C77303AF}.Debug|x86.ActiveCfg = Debug|Win32
		{D5556A42-9B90-467E-A317-52B6C77303AF}.Debug|x86.Build.0 = Debug|Win32
		{D5556A42-9B90-467E-A317-52B6C77303AF}.Release|x64.ActiveCfg = Release|x64
		{D5556A42-9B90-467E-A317-52B6C77303AF}.Release|x64.Build.0 = Release|x64
		{D5556A42-9B90-467E-A317-52B6C77303AF}.Release|x86.ActiveCfg = Release|Win32
		{D5556A42-9B90-467E-A317-52B6C77303AF}.Release|x86.Build.0 = Release|Win32
	EndGlobalSection
	GlobalSection(SolutionProperties) = preSolution
		HideSolutionNode = FALSE
	EndGlobalSection
	GlobalSection(ExtensibilityGlobals) = postSolution
		SolutionGuid = {BF40AE9D-17D5-461D-AE11-DCC5E6455AE5}
	EndGlobalSection
EndGlobal
